
Microsoft Visual Studio Solution File, Format Version 12.00
# Visual Studio Version 17
VisualStudioVersion = 17.1.32210.238
MinimumVisualStudioVersion = 10.0.40219.1
Project("{FAE04EC0-301F-11D3-BF4B-00C04F79EFBC}") = "GreatestNum", "GreatestNum\GreatestNum.csproj", "{704DC844-4795-4C32-A073-B887B2DCCA25}"
EndProject
Global
	GlobalSection(SolutionConfigurationPlatforms) = preSolution
		Debug|Any CPU = Debug|Any CPU
		Release|Any CPU = Release|Any CPU
	EndGlobalSection
	GlobalSection(ProjectConfigurationPlatforms) = postSolution
		{704DC844-4795-4C32-A073-B887B2DCCA25}.Debug|Any CPU.ActiveCfg = Debug|Any CPU
		{704DC844-4795-4C32-A073-B887B2DCCA25}.Debug|Any CPU.Build.0 = Debug|Any CPU
		{704DC844-4795-4C32-A073-B887B2DCCA25}.Release|Any CPU.ActiveCfg = Release|Any CPU
		{704DC844-4795-4C32-A073-B887B2DCCA25}.Release|Any CPU.Build.0 = Release|Any CPU
	EndGlobalSection
	GlobalSection(SolutionProperties) = preSolution
		HideSolutionNode = FALSE
	EndGlobalSection
	GlobalSection(ExtensibilityGlobals) = postSolution
		SolutionGuid = {F94B7E62-B53C-4D75-A7C0-AF71269F5A46}
	EndGlobalSection
EndGlobal
